
Microsoft Visual Studio Solution File, Format Version 12.00
# Visual Studio Version 17
VisualStudioVersion = 17.2.32630.192
MinimumVisualStudioVersion = 10.0.40219.1
Project("{9A19103F-16F7-4668-BE54-9A1E7A4F7556}") = "F10Y.L0026", "F10Y.L0026\F10Y.L0026.csproj", "{E1C31074-9354-4DCA-A277-4AB115A539DC}"
EndProject
Global
	GlobalSection(SolutionConfigurationPlatforms) = preSolution
		Debug|Any CPU = Debug|Any CPU
		Release|Any CPU = Release|Any CPU
	EndGlobalSection
	GlobalSection(ProjectConfigurationPlatforms) = postSolution
		{E1C31074-9354-4DCA-A277-4AB115A539DC}.Debug|Any CPU.ActiveCfg = Debug|Any CPU
		{E1C31074-9354-4DCA-A277-4AB115A539DC}.Debug|Any CPU.Build.0 = Debug|Any CPU
		{E1C31074-9354-4DCA-A277-4AB115A539DC}.Release|Any CPU.ActiveCfg = Release|Any CPU
		{E1C31074-9354-4DCA-A277-4AB115A539DC}.Release|Any CPU.Build.0 = Release|Any CPU
	EndGlobalSection
	GlobalSection(SolutionProperties) = preSolution
		HideSolutionNode = FALSE
	EndGlobalSection
	GlobalSection(ExtensibilityGlobals) = postSolution
		SolutionGuid = {BEDC8B64-94CA-450A-B046-C89F42EEC0E6}
	EndGlobalSection
EndGlobal
