
Microsoft Visual Studio Solution File, Format Version 12.00
# Visual Studio Version 17
VisualStudioVersion = 17.2.32630.192
MinimumVisualStudioVersion = 10.0.40219.1
Project("{9A19103F-16F7-4668-BE54-9A1E7A4F7556}") = "F10Y.L0026.Construction", "F10Y.L0026.Construction\F10Y.L0026.Construction.csproj", "{570D0091-BD44-4BD6-B22E-833C89C0682E}"
EndProject
Project("{9A19103F-16F7-4668-BE54-9A1E7A4F7556}") = "F10Y.L0026", "F10Y.L0026\F10Y.L0026.csproj", "{4ADDC429-CB58-4E89-A08E-84FC1AC6EFA4}"
EndProject
Project("{2150E333-8FDC-42A3-9474-1A3956D46DE8}") = "_Dependencies", "_Dependencies", "{1B94F89E-92E5-4832-99FF-BA88104D42BF}"
EndProject
Project("{9A19103F-16F7-4668-BE54-9A1E7A4F7556}") = "F10Y.T0000", "..\..\F10Y.T0000\source\F10Y.T0000\F10Y.T0000.csproj", "{45500B13-82BA-42AB-A086-C13A94411C2C}"
EndProject
Project("{9A19103F-16F7-4668-BE54-9A1E7A4F7556}") = "F10Y.T0001", "..\..\F10Y.T0001\source\F10Y.T0001\F10Y.T0001.csproj", "{96335FC8-7119-4021-995D-F38DA0BEF9CA}"
EndProject
Project("{9A19103F-16F7-4668-BE54-9A1E7A4F7556}") = "F10Y.Y0000", "..\..\F10Y.Y0000\source\F10Y.Y0000\F10Y.Y0000.csproj", "{70B37C7B-3379-40C8-9F54-102EF6996120}"
EndProject
Project("{9A19103F-16F7-4668-BE54-9A1E7A4F7556}") = "F10Y.L0000", "..\..\F10Y.L0000\source\F10Y.L0000\F10Y.L0000.csproj", "{6891D519-331A-40A2-9EDB-532CFBEC3D29}"
EndProject
Project("{9A19103F-16F7-4668-BE54-9A1E7A4F7556}") = "F10Y.T0002", "..\..\F10Y.T0002\source\F10Y.T0002\F10Y.T0002.csproj", "{E2E60075-FA2B-490A-88AF-38378B88994B}"
EndProject
Project("{9A19103F-16F7-4668-BE54-9A1E7A4F7556}") = "F10Y.T0003", "..\..\F10Y.T0003\source\F10Y.T0003\F10Y.T0003.csproj", "{C088D8B5-2855-486D-A39B-A2FE43BDBB96}"
EndProject
Project("{9A19103F-16F7-4668-BE54-9A1E7A4F7556}") = "F10Y.T0011", "..\..\F10Y.T0011\source\F10Y.T0011\F10Y.T0011.csproj", "{0E443A48-371F-4568-B085-1FD18A4C09A5}"
EndProject
Project("{9A19103F-16F7-4668-BE54-9A1E7A4F7556}") = "F10Y.T0004", "..\..\F10Y.T0004\source\F10Y.T0004\F10Y.T0004.csproj", "{27271F9C-707E-4A4E-BC78-12979F0638C7}"
EndProject
Project("{9A19103F-16F7-4668-BE54-9A1E7A4F7556}") = "F10Y.L0026.Y000", "F10Y.L0026.Y000\F10Y.L0026.Y000.csproj", "{C378053F-C24B-4BFA-AEC5-857EB3C410D4}"
EndProject
Project("{9A19103F-16F7-4668-BE54-9A1E7A4F7556}") = "F10Y.L0026.L001", "F10Y.L0026.L001\F10Y.L0026.L001.csproj", "{61D405C5-65FD-4107-BE77-494C15E3F828}"
EndProject
Project("{9A19103F-16F7-4668-BE54-9A1E7A4F7556}") = "F10Y.T0009", "..\..\F10Y.T0009\source\F10Y.T0009\F10Y.T0009.csproj", "{0073C61F-4973-4D3F-8AB9-3114F7FDBD87}"
EndProject
Project("{9A19103F-16F7-4668-BE54-9A1E7A4F7556}") = "F10Y.L0026.L002", "F10Y.L0026.L002\F10Y.L0026.L002.csproj", "{027C7F48-C3AE-4C68-ACB0-885ABB71C1DB}"
EndProject
Project("{9A19103F-16F7-4668-BE54-9A1E7A4F7556}") = "F10Y.L0026.T000", "F10Y.L0026.T000\F10Y.L0026.T000.csproj", "{46000BAE-1526-43D1-A904-8E5F25E933CE}"
EndProject
Project("{9A19103F-16F7-4668-BE54-9A1E7A4F7556}") = "F10Y.L0060", "..\..\F10Y.L0060\source\F10Y.L0060\F10Y.L0060.csproj", "{A2C105D8-CC54-4CC1-918E-E0D90498D17D}"
EndProject
Project("{9A19103F-16F7-4668-BE54-9A1E7A4F7556}") = "F10Y.L0062.L001", "..\..\F10Y.L0062\source\F10Y.L0062.L001\F10Y.L0062.L001.csproj", "{3377A02B-359F-40D7-BEA5-5BA3E36EAB6E}"
EndProject
Project("{9A19103F-16F7-4668-BE54-9A1E7A4F7556}") = "F10Y.L0001.L001", "..\..\F10Y.L0001\source\F10Y.L0001.L001\F10Y.L0001.L001.csproj", "{2B86422B-A042-4B51-9DBF-BFC9BD398976}"
EndProject
Project("{9A19103F-16F7-4668-BE54-9A1E7A4F7556}") = "F10Y.L0001.Z000", "..\..\F10Y.L0001\source\F10Y.L0001.Z000\F10Y.L0001.Z000.csproj", "{EA69BE42-A43F-48D5-90F5-22F3F94D293F}"
EndProject
Project("{9A19103F-16F7-4668-BE54-9A1E7A4F7556}") = "F10Y.L0001", "..\..\F10Y.L0001\source\F10Y.L0001\F10Y.L0001.csproj", "{5754CE71-7C03-4707-ABDA-B74D9559A6F4}"
EndProject
Project("{9A19103F-16F7-4668-BE54-9A1E7A4F7556}") = "F10Y.L0001.T000", "..\..\F10Y.L0001\source\F10Y.L0001.T000\F10Y.L0001.T000.csproj", "{9F2D7126-126D-4B11-89B4-BAEC473E6E41}"
EndProject
Project("{9A19103F-16F7-4668-BE54-9A1E7A4F7556}") = "F10Y.L0008.T001", "..\..\F10Y.L0008\source\F10Y.L0008.T001\F10Y.L0008.T001.csproj", "{CE341C5C-E0B8-409F-8FA9-DDCE1AC76E1E}"
EndProject
Project("{9A19103F-16F7-4668-BE54-9A1E7A4F7556}") = "F10Y.L0008", "..\..\F10Y.L0008\source\F10Y.L0008\F10Y.L0008.csproj", "{161F67F1-1AC0-4A7E-9631-C6713B366229}"
EndProject
Project("{9A19103F-16F7-4668-BE54-9A1E7A4F7556}") = "F10Y.Z0002", "..\..\F10Y.Z0002\source\F10Y.Z0002\F10Y.Z0002.csproj", "{CDB002A6-6913-433B-8058-A754FA9A8753}"
EndProject
Project("{9A19103F-16F7-4668-BE54-9A1E7A4F7556}") = "F10Y.L0005.T001", "..\..\F10Y.L0005\source\F10Y.L0005.T001\F10Y.L0005.T001.csproj", "{39BDAB50-33CA-4C83-8591-4AB868055FDA}"
EndProject
Project("{9A19103F-16F7-4668-BE54-9A1E7A4F7556}") = "F10Y.L0062.T001", "..\..\F10Y.L0062\source\F10Y.L0062.T001\F10Y.L0062.T001.csproj", "{97238978-C6BB-4AEB-8BB2-F3A9A649AC58}"
EndProject
Project("{9A19103F-16F7-4668-BE54-9A1E7A4F7556}") = "F10Y.L0062.L002", "..\..\F10Y.L0062\source\F10Y.L0062.L002\F10Y.L0062.L002.csproj", "{9EE2E441-FA54-46F0-A7D9-56517269E396}"
EndProject
Project("{9A19103F-16F7-4668-BE54-9A1E7A4F7556}") = "F10Y.L0026.L003", "F10Y.L0026.L003\F10Y.L0026.L003.csproj", "{A17BDAD3-B15F-44A5-9DCB-F2BAED64B7FC}"
EndProject
Project("{FAE04EC0-301F-11D3-BF4B-00C04F79EFBC}") = "F10Y.L0026.L004", "F10Y.L0026.L004\F10Y.L0026.L004.csproj", "{642E81F7-8E91-021C-E6EB-F15287242B07}"
EndProject
Project("{9A19103F-16F7-4668-BE54-9A1E7A4F7556}") = "F10Y.L0062.L003", "..\..\F10Y.L0062\source\F10Y.L0062.L003\F10Y.L0062.L003.csproj", "{34387DE7-D833-480C-8115-5066B42482EB}"
EndProject
Project("{9A19103F-16F7-4668-BE54-9A1E7A4F7556}") = "F10Y.L0026.L000", "F10Y.L0026.L000\F10Y.L0026.L000.csproj", "{BC054E2C-67E3-426E-A472-1EE3ECEE3AAD}"
EndProject
Project("{9A19103F-16F7-4668-BE54-9A1E7A4F7556}") = "F10Y.L0001.L002", "..\..\F10Y.L0001\source\F10Y.L0001.L002\F10Y.L0001.L002.csproj", "{0A7638A4-166C-48FF-8202-05ABDEB7F42E}"
EndProject
Project("{9A19103F-16F7-4668-BE54-9A1E7A4F7556}") = "F10Y.L0005", "..\..\F10Y.L0005\source\F10Y.L0005\F10Y.L0005.csproj", "{1DE7CD22-301C-43A1-9F53-B27A5E677C79}"
EndProject
Project("{9A19103F-16F7-4668-BE54-9A1E7A4F7556}") = "F10Y.L0062", "..\..\F10Y.L0062\source\F10Y.L0062\F10Y.L0062.csproj", "{9D5A2D38-FFDE-4826-BB1A-CE9CB0DA02B5}"
EndProject
Project("{9A19103F-16F7-4668-BE54-9A1E7A4F7556}") = "F10Y.L0026.L005", "F10Y.L0026.L005\F10Y.L0026.L005.csproj", "{286FEECA-785D-4936-9E8B-14C5542D395B}"
EndProject
Project("{9A19103F-16F7-4668-BE54-9A1E7A4F7556}") = "F10Y.L0003", "..\..\F10Y.L0003\source\F10Y.L0003\F10Y.L0003.csproj", "{F24D7AFA-A3FF-4E66-8CCB-C8E9454458EE}"
EndProject
Project("{9A19103F-16F7-4668-BE54-9A1E7A4F7556}") = "F10Y.L0026.T001", "F10Y.L0026.T001\F10Y.L0026.T001.csproj", "{10A7FA6F-4A18-40D3-B81B-133ED449965B}"
EndProject
Project("{9A19103F-16F7-4668-BE54-9A1E7A4F7556}") = "F10Y.L0008.Z000", "..\..\F10Y.L0008\source\F10Y.L0008.Z000\F10Y.L0008.Z000.csproj", "{B7AB0D1B-EDA9-483E-838C-95039F85EF13}"
EndProject
Project("{9A19103F-16F7-4668-BE54-9A1E7A4F7556}") = "F10Y.L0062.L001.T000", "..\..\F10Y.L0062\source\F10Y.L0062.L001.T000\F10Y.L0062.L001.T000.csproj", "{AD41D2CB-E2BC-4466-B779-C99E1AC3F4D2}"
EndProject
Project("{9A19103F-16F7-4668-BE54-9A1E7A4F7556}") = "F10Y.L0026.T002", "F10Y.L0026.T002\F10Y.L0026.T002.csproj", "{2E1A4475-AB83-4CA2-AB6F-25947635E8CE}"
EndProject
Project("{9A19103F-16F7-4668-BE54-9A1E7A4F7556}") = "F10Y.L0062.L002.T000", "..\..\F10Y.L0062\source\F10Y.L0062.L002.T000\F10Y.L0062.L002.T000.csproj", "{0AD8C103-F756-4E1C-81EC-9098909DA4C4}"
EndProject
Project("{9A19103F-16F7-4668-BE54-9A1E7A4F7556}") = "F10Y.L0026.T003", "F10Y.L0026.T003\F10Y.L0026.T003.csproj", "{B6DEF4B9-AAB5-4ACA-897A-7D1018DC3469}"
EndProject
Project("{9A19103F-16F7-4668-BE54-9A1E7A4F7556}") = "F10Y.L0026.T004", "F10Y.L0026.T004\F10Y.L0026.T004.csproj", "{9A96A7B9-886C-4BAD-89F3-BB501473825E}"
EndProject
Project("{9A19103F-16F7-4668-BE54-9A1E7A4F7556}") = "F10Y.L0062.L003.T000", "..\..\F10Y.L0062\source\F10Y.L0062.L003.T000\F10Y.L0062.L003.T000.csproj", "{038DC773-1B26-49AE-A412-7DDFC4D9D158}"
EndProject
Project("{9A19103F-16F7-4668-BE54-9A1E7A4F7556}") = "F10Y.L0026.T005", "F10Y.L0026.T005\F10Y.L0026.T005.csproj", "{F4FFC1FB-9B40-4285-904E-2263EBA7C264}"
EndProject
Project("{9A19103F-16F7-4668-BE54-9A1E7A4F7556}") = "F10Y.L0062.L002.Z000", "..\..\F10Y.L0062\source\F10Y.L0062.L002.Z000\F10Y.L0062.L002.Z000.csproj", "{B062D8BC-F542-4B24-90DB-26E58473EA19}"
EndProject
Global
	GlobalSection(NestedProjects) = preSolution
		{45500B13-82BA-42AB-A086-C13A94411C2C} = {1B94F89E-92E5-4832-99FF-BA88104D42BF}
		{96335FC8-7119-4021-995D-F38DA0BEF9CA} = {1B94F89E-92E5-4832-99FF-BA88104D42BF}
		{70B37C7B-3379-40C8-9F54-102EF6996120} = {1B94F89E-92E5-4832-99FF-BA88104D42BF}
		{6891D519-331A-40A2-9EDB-532CFBEC3D29} = {1B94F89E-92E5-4832-99FF-BA88104D42BF}
		{E2E60075-FA2B-490A-88AF-38378B88994B} = {1B94F89E-92E5-4832-99FF-BA88104D42BF}
		{C088D8B5-2855-486D-A39B-A2FE43BDBB96} = {1B94F89E-92E5-4832-99FF-BA88104D42BF}
		{0E443A48-371F-4568-B085-1FD18A4C09A5} = {1B94F89E-92E5-4832-99FF-BA88104D42BF}
		{27271F9C-707E-4A4E-BC78-12979F0638C7} = {1B94F89E-92E5-4832-99FF-BA88104D42BF}
		{0073C61F-4973-4D3F-8AB9-3114F7FDBD87} = {1B94F89E-92E5-4832-99FF-BA88104D42BF}
		{A2C105D8-CC54-4CC1-918E-E0D90498D17D} = {1B94F89E-92E5-4832-99FF-BA88104D42BF}
		{3377A02B-359F-40D7-BEA5-5BA3E36EAB6E} = {1B94F89E-92E5-4832-99FF-BA88104D42BF}
		{2B86422B-A042-4B51-9DBF-BFC9BD398976} = {1B94F89E-92E5-4832-99FF-BA88104D42BF}
		{EA69BE42-A43F-48D5-90F5-22F3F94D293F} = {1B94F89E-92E5-4832-99FF-BA88104D42BF}
		{5754CE71-7C03-4707-ABDA-B74D9559A6F4} = {1B94F89E-92E5-4832-99FF-BA88104D42BF}
		{9F2D7126-126D-4B11-89B4-BAEC473E6E41} = {1B94F89E-92E5-4832-99FF-BA88104D42BF}
		{CE341C5C-E0B8-409F-8FA9-DDCE1AC76E1E} = {1B94F89E-92E5-4832-99FF-BA88104D42BF}
		{161F67F1-1AC0-4A7E-9631-C6713B366229} = {1B94F89E-92E5-4832-99FF-BA88104D42BF}
		{CDB002A6-6913-433B-8058-A754FA9A8753} = {1B94F89E-92E5-4832-99FF-BA88104D42BF}
		{39BDAB50-33CA-4C83-8591-4AB868055FDA} = {1B94F89E-92E5-4832-99FF-BA88104D42BF}
		{97238978-C6BB-4AEB-8BB2-F3A9A649AC58} = {1B94F89E-92E5-4832-99FF-BA88104D42BF}
		{9EE2E441-FA54-46F0-A7D9-56517269E396} = {1B94F89E-92E5-4832-99FF-BA88104D42BF}
		{34387DE7-D833-480C-8115-5066B42482EB} = {1B94F89E-92E5-4832-99FF-BA88104D42BF}
		{0A7638A4-166C-48FF-8202-05ABDEB7F42E} = {1B94F89E-92E5-4832-99FF-BA88104D42BF}
		{1DE7CD22-301C-43A1-9F53-B27A5E677C79} = {1B94F89E-92E5-4832-99FF-BA88104D42BF}
		{9D5A2D38-FFDE-4826-BB1A-CE9CB0DA02B5} = {1B94F89E-92E5-4832-99FF-BA88104D42BF}
		{F24D7AFA-A3FF-4E66-8CCB-C8E9454458EE} = {1B94F89E-92E5-4832-99FF-BA88104D42BF}
		{B7AB0D1B-EDA9-483E-838C-95039F85EF13} = {1B94F89E-92E5-4832-99FF-BA88104D42BF}
		{AD41D2CB-E2BC-4466-B779-C99E1AC3F4D2} = {1B94F89E-92E5-4832-99FF-BA88104D42BF}
		{0AD8C103-F756-4E1C-81EC-9098909DA4C4} = {1B94F89E-92E5-4832-99FF-BA88104D42BF}
		{038DC773-1B26-49AE-A412-7DDFC4D9D158} = {1B94F89E-92E5-4832-99FF-BA88104D42BF}
		{B062D8BC-F542-4B24-90DB-26E58473EA19} = {1B94F89E-92E5-4832-99FF-BA88104D42BF}
	EndGlobalSection
	GlobalSection(SolutionConfigurationPlatforms) = preSolution
		Debug|Any CPU = Debug|Any CPU
		Release|Any CPU = Release|Any CPU
	EndGlobalSection
	GlobalSection(ProjectConfigurationPlatforms) = postSolution
		{570D0091-BD44-4BD6-B22E-833C89C0682E}.Debug|Any CPU.ActiveCfg = Debug|Any CPU
		{570D0091-BD44-4BD6-B22E-833C89C0682E}.Debug|Any CPU.Build.0 = Debug|Any CPU
		{570D0091-BD44-4BD6-B22E-833C89C0682E}.Release|Any CPU.ActiveCfg = Release|Any CPU
		{570D0091-BD44-4BD6-B22E-833C89C0682E}.Release|Any CPU.Build.0 = Release|Any CPU
		{4ADDC429-CB58-4E89-A08E-84FC1AC6EFA4}.Debug|Any CPU.ActiveCfg = Debug|Any CPU
		{4ADDC429-CB58-4E89-A08E-84FC1AC6EFA4}.Debug|Any CPU.Build.0 = Debug|Any CPU
		{4ADDC429-CB58-4E89-A08E-84FC1AC6EFA4}.Release|Any CPU.ActiveCfg = Release|Any CPU
		{4ADDC429-CB58-4E89-A08E-84FC1AC6EFA4}.Release|Any CPU.Build.0 = Release|Any CPU
		{45500B13-82BA-42AB-A086-C13A94411C2C}.Debug|Any CPU.ActiveCfg = Debug|Any CPU
		{45500B13-82BA-42AB-A086-C13A94411C2C}.Debug|Any CPU.Build.0 = Debug|Any CPU
		{45500B13-82BA-42AB-A086-C13A94411C2C}.Release|Any CPU.ActiveCfg = Release|Any CPU
		{45500B13-82BA-42AB-A086-C13A94411C2C}.Release|Any CPU.Build.0 = Release|Any CPU
		{96335FC8-7119-4021-995D-F38DA0BEF9CA}.Debug|Any CPU.ActiveCfg = Debug|Any CPU
		{96335FC8-7119-4021-995D-F38DA0BEF9CA}.Debug|Any CPU.Build.0 = Debug|Any CPU
		{96335FC8-7119-4021-995D-F38DA0BEF9CA}.Release|Any CPU.ActiveCfg = Release|Any CPU
		{96335FC8-7119-4021-995D-F38DA0BEF9CA}.Release|Any CPU.Build.0 = Release|Any CPU
		{70B37C7B-3379-40C8-9F54-102EF6996120}.Debug|Any CPU.ActiveCfg = Debug|Any CPU
		{70B37C7B-3379-40C8-9F54-102EF6996120}.Debug|Any CPU.Build.0 = Debug|Any CPU
		{70B37C7B-3379-40C8-9F54-102EF6996120}.Release|Any CPU.ActiveCfg = Release|Any CPU
		{70B37C7B-3379-40C8-9F54-102EF6996120}.Release|Any CPU.Build.0 = Release|Any CPU
		{6891D519-331A-40A2-9EDB-532CFBEC3D29}.Debug|Any CPU.ActiveCfg = Debug|Any CPU
		{6891D519-331A-40A2-9EDB-532CFBEC3D29}.Debug|Any CPU.Build.0 = Debug|Any CPU
		{6891D519-331A-40A2-9EDB-532CFBEC3D29}.Release|Any CPU.ActiveCfg = Release|Any CPU
		{6891D519-331A-40A2-9EDB-532CFBEC3D29}.Release|Any CPU.Build.0 = Release|Any CPU
		{E2E60075-FA2B-490A-88AF-38378B88994B}.Debug|Any CPU.ActiveCfg = Debug|Any CPU
		{E2E60075-FA2B-490A-88AF-38378B88994B}.Debug|Any CPU.Build.0 = Debug|Any CPU
		{E2E60075-FA2B-490A-88AF-38378B88994B}.Release|Any CPU.ActiveCfg = Release|Any CPU
		{E2E60075-FA2B-490A-88AF-38378B88994B}.Release|Any CPU.Build.0 = Release|Any CPU
		{C088D8B5-2855-486D-A39B-A2FE43BDBB96}.Debug|Any CPU.ActiveCfg = Debug|Any CPU
		{C088D8B5-2855-486D-A39B-A2FE43BDBB96}.Debug|Any CPU.Build.0 = Debug|Any CPU
		{C088D8B5-2855-486D-A39B-A2FE43BDBB96}.Release|Any CPU.ActiveCfg = Release|Any CPU
		{C088D8B5-2855-486D-A39B-A2FE43BDBB96}.Release|Any CPU.Build.0 = Release|Any CPU
		{0E443A48-371F-4568-B085-1FD18A4C09A5}.Debug|Any CPU.ActiveCfg = Debug|Any CPU
		{0E443A48-371F-4568-B085-1FD18A4C09A5}.Debug|Any CPU.Build.0 = Debug|Any CPU
		{0E443A48-371F-4568-B085-1FD18A4C09A5}.Release|Any CPU.ActiveCfg = Release|Any CPU
		{0E443A48-371F-4568-B085-1FD18A4C09A5}.Release|Any CPU.Build.0 = Release|Any CPU
		{27271F9C-707E-4A4E-BC78-12979F0638C7}.Debug|Any CPU.ActiveCfg = Debug|Any CPU
		{27271F9C-707E-4A4E-BC78-12979F0638C7}.Debug|Any CPU.Build.0 = Debug|Any CPU
		{27271F9C-707E-4A4E-BC78-12979F0638C7}.Release|Any CPU.ActiveCfg = Release|Any CPU
		{27271F9C-707E-4A4E-BC78-12979F0638C7}.Release|Any CPU.Build.0 = Release|Any CPU
		{C378053F-C24B-4BFA-AEC5-857EB3C410D4}.Debug|Any CPU.ActiveCfg = Debug|Any CPU
		{C378053F-C24B-4BFA-AEC5-857EB3C410D4}.Debug|Any CPU.Build.0 = Debug|Any CPU
		{C378053F-C24B-4BFA-AEC5-857EB3C410D4}.Release|Any CPU.ActiveCfg = Release|Any CPU
		{C378053F-C24B-4BFA-AEC5-857EB3C410D4}.Release|Any CPU.Build.0 = Release|Any CPU
		{61D405C5-65FD-4107-BE77-494C15E3F828}.Debug|Any CPU.ActiveCfg = Debug|Any CPU
		{61D405C5-65FD-4107-BE77-494C15E3F828}.Debug|Any CPU.Build.0 = Debug|Any CPU
		{61D405C5-65FD-4107-BE77-494C15E3F828}.Release|Any CPU.ActiveCfg = Release|Any CPU
		{61D405C5-65FD-4107-BE77-494C15E3F828}.Release|Any CPU.Build.0 = Release|Any CPU
		{0073C61F-4973-4D3F-8AB9-3114F7FDBD87}.Debug|Any CPU.ActiveCfg = Debug|Any CPU
		{0073C61F-4973-4D3F-8AB9-3114F7FDBD87}.Debug|Any CPU.Build.0 = Debug|Any CPU
		{0073C61F-4973-4D3F-8AB9-3114F7FDBD87}.Release|Any CPU.ActiveCfg = Release|Any CPU
		{0073C61F-4973-4D3F-8AB9-3114F7FDBD87}.Release|Any CPU.Build.0 = Release|Any CPU
		{027C7F48-C3AE-4C68-ACB0-885ABB71C1DB}.Debug|Any CPU.ActiveCfg = Debug|Any CPU
		{027C7F48-C3AE-4C68-ACB0-885ABB71C1DB}.Debug|Any CPU.Build.0 = Debug|Any CPU
		{027C7F48-C3AE-4C68-ACB0-885ABB71C1DB}.Release|Any CPU.ActiveCfg = Release|Any CPU
		{027C7F48-C3AE-4C68-ACB0-885ABB71C1DB}.Release|Any CPU.Build.0 = Release|Any CPU
		{46000BAE-1526-43D1-A904-8E5F25E933CE}.Debug|Any CPU.ActiveCfg = Debug|Any CPU
		{46000BAE-1526-43D1-A904-8E5F25E933CE}.Debug|Any CPU.Build.0 = Debug|Any CPU
		{46000BAE-1526-43D1-A904-8E5F25E933CE}.Release|Any CPU.ActiveCfg = Release|Any CPU
		{46000BAE-1526-43D1-A904-8E5F25E933CE}.Release|Any CPU.Build.0 = Release|Any CPU
		{A2C105D8-CC54-4CC1-918E-E0D90498D17D}.Debug|Any CPU.ActiveCfg = Debug|Any CPU
		{A2C105D8-CC54-4CC1-918E-E0D90498D17D}.Debug|Any CPU.Build.0 = Debug|Any CPU
		{A2C105D8-CC54-4CC1-918E-E0D90498D17D}.Release|Any CPU.ActiveCfg = Release|Any CPU
		{A2C105D8-CC54-4CC1-918E-E0D90498D17D}.Release|Any CPU.Build.0 = Release|Any CPU
		{3377A02B-359F-40D7-BEA5-5BA3E36EAB6E}.Debug|Any CPU.ActiveCfg = Debug|Any CPU
		{3377A02B-359F-40D7-BEA5-5BA3E36EAB6E}.Debug|Any CPU.Build.0 = Debug|Any CPU
		{3377A02B-359F-40D7-BEA5-5BA3E36EAB6E}.Release|Any CPU.ActiveCfg = Release|Any CPU
		{3377A02B-359F-40D7-BEA5-5BA3E36EAB6E}.Release|Any CPU.Build.0 = Release|Any CPU
		{2B86422B-A042-4B51-9DBF-BFC9BD398976}.Debug|Any CPU.ActiveCfg = Debug|Any CPU
		{2B86422B-A042-4B51-9DBF-BFC9BD398976}.Debug|Any CPU.Build.0 = Debug|Any CPU
		{2B86422B-A042-4B51-9DBF-BFC9BD398976}.Release|Any CPU.ActiveCfg = Release|Any CPU
		{2B86422B-A042-4B51-9DBF-BFC9BD398976}.Release|Any CPU.Build.0 = Release|Any CPU
		{EA69BE42-A43F-48D5-90F5-22F3F94D293F}.Debug|Any CPU.ActiveCfg = Debug|Any CPU
		{EA69BE42-A43F-48D5-90F5-22F3F94D293F}.Debug|Any CPU.Build.0 = Debug|Any CPU
		{EA69BE42-A43F-48D5-90F5-22F3F94D293F}.Release|Any CPU.ActiveCfg = Release|Any CPU
		{EA69BE42-A43F-48D5-90F5-22F3F94D293F}.Release|Any CPU.Build.0 = Release|Any CPU
		{5754CE71-7C03-4707-ABDA-B74D9559A6F4}.Debug|Any CPU.ActiveCfg = Debug|Any CPU
		{5754CE71-7C03-4707-ABDA-B74D9559A6F4}.Debug|Any CPU.Build.0 = Debug|Any CPU
		{5754CE71-7C03-4707-ABDA-B74D9559A6F4}.Release|Any CPU.ActiveCfg = Release|Any CPU
		{5754CE71-7C03-4707-ABDA-B74D9559A6F4}.Release|Any CPU.Build.0 = Release|Any CPU
		{9F2D7126-126D-4B11-89B4-BAEC473E6E41}.Debug|Any CPU.ActiveCfg = Debug|Any CPU
		{9F2D7126-126D-4B11-89B4-BAEC473E6E41}.Debug|Any CPU.Build.0 = Debug|Any CPU
		{9F2D7126-126D-4B11-89B4-BAEC473E6E41}.Release|Any CPU.ActiveCfg = Release|Any CPU
		{9F2D7126-126D-4B11-89B4-BAEC473E6E41}.Release|Any CPU.Build.0 = Release|Any CPU
		{CE341C5C-E0B8-409F-8FA9-DDCE1AC76E1E}.Debug|Any CPU.ActiveCfg = Debug|Any CPU
		{CE341C5C-E0B8-409F-8FA9-DDCE1AC76E1E}.Debug|Any CPU.Build.0 = Debug|Any CPU
		{CE341C5C-E0B8-409F-8FA9-DDCE1AC76E1E}.Release|Any CPU.ActiveCfg = Release|Any CPU
		{CE341C5C-E0B8-409F-8FA9-DDCE1AC76E1E}.Release|Any CPU.Build.0 = Release|Any CPU
		{161F67F1-1AC0-4A7E-9631-C6713B366229}.Debug|Any CPU.ActiveCfg = Debug|Any CPU
		{161F67F1-1AC0-4A7E-9631-C6713B366229}.Debug|Any CPU.Build.0 = Debug|Any CPU
		{161F67F1-1AC0-4A7E-9631-C6713B366229}.Release|Any CPU.ActiveCfg = Release|Any CPU
		{161F67F1-1AC0-4A7E-9631-C6713B366229}.Release|Any CPU.Build.0 = Release|Any CPU
		{CDB002A6-6913-433B-8058-A754FA9A8753}.Debug|Any CPU.ActiveCfg = Debug|Any CPU
		{CDB002A6-6913-433B-8058-A754FA9A8753}.Debug|Any CPU.Build.0 = Debug|Any CPU
		{CDB002A6-6913-433B-8058-A754FA9A8753}.Release|Any CPU.ActiveCfg = Release|Any CPU
		{CDB002A6-6913-433B-8058-A754FA9A8753}.Release|Any CPU.Build.0 = Release|Any CPU
		{39BDAB50-33CA-4C83-8591-4AB868055FDA}.Debug|Any CPU.ActiveCfg = Debug|Any CPU
		{39BDAB50-33CA-4C83-8591-4AB868055FDA}.Debug|Any CPU.Build.0 = Debug|Any CPU
		{39BDAB50-33CA-4C83-8591-4AB868055FDA}.Release|Any CPU.ActiveCfg = Release|Any CPU
		{39BDAB50-33CA-4C83-8591-4AB868055FDA}.Release|Any CPU.Build.0 = Release|Any CPU
		{97238978-C6BB-4AEB-8BB2-F3A9A649AC58}.Debug|Any CPU.ActiveCfg = Debug|Any CPU
		{97238978-C6BB-4AEB-8BB2-F3A9A649AC58}.Debug|Any CPU.Build.0 = Debug|Any CPU
		{97238978-C6BB-4AEB-8BB2-F3A9A649AC58}.Release|Any CPU.ActiveCfg = Release|Any CPU
		{97238978-C6BB-4AEB-8BB2-F3A9A649AC58}.Release|Any CPU.Build.0 = Release|Any CPU
		{9EE2E441-FA54-46F0-A7D9-56517269E396}.Debug|Any CPU.ActiveCfg = Debug|Any CPU
		{9EE2E441-FA54-46F0-A7D9-56517269E396}.Debug|Any CPU.Build.0 = Debug|Any CPU
		{9EE2E441-FA54-46F0-A7D9-56517269E396}.Release|Any CPU.ActiveCfg = Release|Any CPU
		{9EE2E441-FA54-46F0-A7D9-56517269E396}.Release|Any CPU.Build.0 = Release|Any CPU
		{A17BDAD3-B15F-44A5-9DCB-F2BAED64B7FC}.Debug|Any CPU.ActiveCfg = Debug|Any CPU
		{A17BDAD3-B15F-44A5-9DCB-F2BAED64B7FC}.Debug|Any CPU.Build.0 = Debug|Any CPU
		{A17BDAD3-B15F-44A5-9DCB-F2BAED64B7FC}.Release|Any CPU.ActiveCfg = Release|Any CPU
		{A17BDAD3-B15F-44A5-9DCB-F2BAED64B7FC}.Release|Any CPU.Build.0 = Release|Any CPU
		{642E81F7-8E91-021C-E6EB-F15287242B07}.Debug|Any CPU.ActiveCfg = Debug|Any CPU
		{642E81F7-8E91-021C-E6EB-F15287242B07}.Debug|Any CPU.Build.0 = Debug|Any CPU
		{642E81F7-8E91-021C-E6EB-F15287242B07}.Release|Any CPU.ActiveCfg = Release|Any CPU
		{642E81F7-8E91-021C-E6EB-F15287242B07}.Release|Any CPU.Build.0 = Release|Any CPU
		{34387DE7-D833-480C-8115-5066B42482EB}.Debug|Any CPU.ActiveCfg = Debug|Any CPU
		{34387DE7-D833-480C-8115-5066B42482EB}.Debug|Any CPU.Build.0 = Debug|Any CPU
		{34387DE7-D833-480C-8115-5066B42482EB}.Release|Any CPU.ActiveCfg = Release|Any CPU
		{34387DE7-D833-480C-8115-5066B42482EB}.Release|Any CPU.Build.0 = Release|Any CPU
		{BC054E2C-67E3-426E-A472-1EE3ECEE3AAD}.Debug|Any CPU.ActiveCfg = Debug|Any CPU
		{BC054E2C-67E3-426E-A472-1EE3ECEE3AAD}.Debug|Any CPU.Build.0 = Debug|Any CPU
		{BC054E2C-67E3-426E-A472-1EE3ECEE3AAD}.Release|Any CPU.ActiveCfg = Release|Any CPU
		{BC054E2C-67E3-426E-A472-1EE3ECEE3AAD}.Release|Any CPU.Build.0 = Release|Any CPU
		{0A7638A4-166C-48FF-8202-05ABDEB7F42E}.Debug|Any CPU.ActiveCfg = Debug|Any CPU
		{0A7638A4-166C-48FF-8202-05ABDEB7F42E}.Debug|Any CPU.Build.0 = Debug|Any CPU
		{0A7638A4-166C-48FF-8202-05ABDEB7F42E}.Release|Any CPU.ActiveCfg = Release|Any CPU
		{0A7638A4-166C-48FF-8202-05ABDEB7F42E}.Release|Any CPU.Build.0 = Release|Any CPU
		{1DE7CD22-301C-43A1-9F53-B27A5E677C79}.Debug|Any CPU.ActiveCfg = Debug|Any CPU
		{1DE7CD22-301C-43A1-9F53-B27A5E677C79}.Debug|Any CPU.Build.0 = Debug|Any CPU
		{1DE7CD22-301C-43A1-9F53-B27A5E677C79}.Release|Any CPU.ActiveCfg = Release|Any CPU
		{1DE7CD22-301C-43A1-9F53-B27A5E677C79}.Release|Any CPU.Build.0 = Release|Any CPU
		{9D5A2D38-FFDE-4826-BB1A-CE9CB0DA02B5}.Debug|Any CPU.ActiveCfg = Debug|Any CPU
		{9D5A2D38-FFDE-4826-BB1A-CE9CB0DA02B5}.Debug|Any CPU.Build.0 = Debug|Any CPU
		{9D5A2D38-FFDE-4826-BB1A-CE9CB0DA02B5}.Release|Any CPU.ActiveCfg = Release|Any CPU
		{9D5A2D38-FFDE-4826-BB1A-CE9CB0DA02B5}.Release|Any CPU.Build.0 = Release|Any CPU
		{286FEECA-785D-4936-9E8B-14C5542D395B}.Debug|Any CPU.ActiveCfg = Debug|Any CPU
		{286FEECA-785D-4936-9E8B-14C5542D395B}.Debug|Any CPU.Build.0 = Debug|Any CPU
		{286FEECA-785D-4936-9E8B-14C5542D395B}.Release|Any CPU.ActiveCfg = Release|Any CPU
		{286FEECA-785D-4936-9E8B-14C5542D395B}.Release|Any CPU.Build.0 = Release|Any CPU
		{F24D7AFA-A3FF-4E66-8CCB-C8E9454458EE}.Debug|Any CPU.ActiveCfg = Debug|Any CPU
		{F24D7AFA-A3FF-4E66-8CCB-C8E9454458EE}.Debug|Any CPU.Build.0 = Debug|Any CPU
		{F24D7AFA-A3FF-4E66-8CCB-C8E9454458EE}.Release|Any CPU.ActiveCfg = Release|Any CPU
		{F24D7AFA-A3FF-4E66-8CCB-C8E9454458EE}.Release|Any CPU.Build.0 = Release|Any CPU
		{10A7FA6F-4A18-40D3-B81B-133ED449965B}.Debug|Any CPU.ActiveCfg = Debug|Any CPU
		{10A7FA6F-4A18-40D3-B81B-133ED449965B}.Debug|Any CPU.Build.0 = Debug|Any CPU
		{10A7FA6F-4A18-40D3-B81B-133ED449965B}.Release|Any CPU.ActiveCfg = Release|Any CPU
		{10A7FA6F-4A18-40D3-B81B-133ED449965B}.Release|Any CPU.Build.0 = Release|Any CPU
		{B7AB0D1B-EDA9-483E-838C-95039F85EF13}.Debug|Any CPU.ActiveCfg = Debug|Any CPU
		{B7AB0D1B-EDA9-483E-838C-95039F85EF13}.Debug|Any CPU.Build.0 = Debug|Any CPU
		{B7AB0D1B-EDA9-483E-838C-95039F85EF13}.Release|Any CPU.ActiveCfg = Release|Any CPU
		{B7AB0D1B-EDA9-483E-838C-95039F85EF13}.Release|Any CPU.Build.0 = Release|Any CPU
		{AD41D2CB-E2BC-4466-B779-C99E1AC3F4D2}.Debug|Any CPU.ActiveCfg = Debug|Any CPU
		{AD41D2CB-E2BC-4466-B779-C99E1AC3F4D2}.Debug|Any CPU.Build.0 = Debug|Any CPU
		{AD41D2CB-E2BC-4466-B779-C99E1AC3F4D2}.Release|Any CPU.ActiveCfg = Release|Any CPU
		{AD41D2CB-E2BC-4466-B779-C99E1AC3F4D2}.Release|Any CPU.Build.0 = Release|Any CPU
		{2E1A4475-AB83-4CA2-AB6F-25947635E8CE}.Debug|Any CPU.ActiveCfg = Debug|Any CPU
		{2E1A4475-AB83-4CA2-AB6F-25947635E8CE}.Debug|Any CPU.Build.0 = Debug|Any CPU
		{2E1A4475-AB83-4CA2-AB6F-25947635E8CE}.Release|Any CPU.ActiveCfg = Release|Any CPU
		{2E1A4475-AB83-4CA2-AB6F-25947635E8CE}.Release|Any CPU.Build.0 = Release|Any CPU
		{0AD8C103-F756-4E1C-81EC-9098909DA4C4}.Debug|Any CPU.ActiveCfg = Debug|Any CPU
		{0AD8C103-F756-4E1C-81EC-9098909DA4C4}.Debug|Any CPU.Build.0 = Debug|Any CPU
		{0AD8C103-F756-4E1C-81EC-9098909DA4C4}.Release|Any CPU.ActiveCfg = Release|Any CPU
		{0AD8C103-F756-4E1C-81EC-9098909DA4C4}.Release|Any CPU.Build.0 = Release|Any CPU
		{B6DEF4B9-AAB5-4ACA-897A-7D1018DC3469}.Debug|Any CPU.ActiveCfg = Debug|Any CPU
		{B6DEF4B9-AAB5-4ACA-897A-7D1018DC3469}.Debug|Any CPU.Build.0 = Debug|Any CPU
		{B6DEF4B9-AAB5-4ACA-897A-7D1018DC3469}.Release|Any CPU.ActiveCfg = Release|Any CPU
		{B6DEF4B9-AAB5-4ACA-897A-7D1018DC3469}.Release|Any CPU.Build.0 = Release|Any CPU
		{9A96A7B9-886C-4BAD-89F3-BB501473825E}.Debug|Any CPU.ActiveCfg = Debug|Any CPU
		{9A96A7B9-886C-4BAD-89F3-BB501473825E}.Debug|Any CPU.Build.0 = Debug|Any CPU
		{9A96A7B9-886C-4BAD-89F3-BB501473825E}.Release|Any CPU.ActiveCfg = Release|Any CPU
		{9A96A7B9-886C-4BAD-89F3-BB501473825E}.Release|Any CPU.Build.0 = Release|Any CPU
		{038DC773-1B26-49AE-A412-7DDFC4D9D158}.Debug|Any CPU.ActiveCfg = Debug|Any CPU
		{038DC773-1B26-49AE-A412-7DDFC4D9D158}.Debug|Any CPU.Build.0 = Debug|Any CPU
		{038DC773-1B26-49AE-A412-7DDFC4D9D158}.Release|Any CPU.ActiveCfg = Release|Any CPU
		{038DC773-1B26-49AE-A412-7DDFC4D9D158}.Release|Any CPU.Build.0 = Release|Any CPU
		{F4FFC1FB-9B40-4285-904E-2263EBA7C264}.Debug|Any CPU.ActiveCfg = Debug|Any CPU
		{F4FFC1FB-9B40-4285-904E-2263EBA7C264}.Debug|Any CPU.Build.0 = Debug|Any CPU
		{F4FFC1FB-9B40-4285-904E-2263EBA7C264}.Release|Any CPU.ActiveCfg = Release|Any CPU
		{F4FFC1FB-9B40-4285-904E-2263EBA7C264}.Release|Any CPU.Build.0 = Release|Any CPU
		{B062D8BC-F542-4B24-90DB-26E58473EA19}.Debug|Any CPU.ActiveCfg = Debug|Any CPU
		{B062D8BC-F542-4B24-90DB-26E58473EA19}.Debug|Any CPU.Build.0 = Debug|Any CPU
		{B062D8BC-F542-4B24-90DB-26E58473EA19}.Release|Any CPU.ActiveCfg = Release|Any CPU
		{B062D8BC-F542-4B24-90DB-26E58473EA19}.Release|Any CPU.Build.0 = Release|Any CPU
	EndGlobalSection
	GlobalSection(SolutionProperties) = preSolution
		HideSolutionNode = FALSE
	EndGlobalSection
	GlobalSection(ExtensibilityGlobals) = postSolution
		SolutionGuid = {01C67928-2A16-4388-A29B-9485FFC5D530}
	EndGlobalSection
EndGlobal
