
Microsoft Visual Studio Solution File, Format Version 12.00
# Visual Studio Version 17
VisualStudioVersion = 17.2.32630.192
MinimumVisualStudioVersion = 10.0.40219.1
Project("{9A19103F-16F7-4668-BE54-9A1E7A4F7556}") = "F10Y.L0026", "F10Y.L0026\F10Y.L0026.csproj", "{E1C31074-9354-4DCA-A277-4AB115A539DC}"
EndProject
Project("{2150E333-8FDC-42A3-9474-1A3956D46DE8}") = "_Dependencies", "_Dependencies", "{173FBDAF-ADBA-4924-BB4C-4C3B33E2505B}"
EndProject
Project("{9A19103F-16F7-4668-BE54-9A1E7A4F7556}") = "F10Y.T0000", "..\..\F10Y.T0000\source\F10Y.T0000\F10Y.T0000.csproj", "{1E110AED-F7FA-4FB7-AE9D-F13A2C231069}"
EndProject
Project("{9A19103F-16F7-4668-BE54-9A1E7A4F7556}") = "F10Y.T0001", "..\..\F10Y.T0001\source\F10Y.T0001\F10Y.T0001.csproj", "{B7261426-182F-44A0-ABBD-79DC17DA0BB2}"
EndProject
Project("{9A19103F-16F7-4668-BE54-9A1E7A4F7556}") = "F10Y.Y0000", "..\..\F10Y.Y0000\source\F10Y.Y0000\F10Y.Y0000.csproj", "{9B4A4BC8-BD3F-49D1-840C-5D55D427F0E8}"
EndProject
Project("{9A19103F-16F7-4668-BE54-9A1E7A4F7556}") = "F10Y.L0000", "..\..\F10Y.L0000\source\F10Y.L0000\F10Y.L0000.csproj", "{D245BFFD-1A28-4058-ACEA-CEE1DC98C832}"
EndProject
Project("{9A19103F-16F7-4668-BE54-9A1E7A4F7556}") = "F10Y.T0002", "..\..\F10Y.T0002\source\F10Y.T0002\F10Y.T0002.csproj", "{46A8A9FF-7ABC-491E-938F-2163A0E8B3E8}"
EndProject
Project("{9A19103F-16F7-4668-BE54-9A1E7A4F7556}") = "F10Y.T0003", "..\..\F10Y.T0003\source\F10Y.T0003\F10Y.T0003.csproj", "{BB43D458-54B6-459D-85FE-197392C1CF25}"
EndProject
Project("{9A19103F-16F7-4668-BE54-9A1E7A4F7556}") = "F10Y.T0011", "..\..\F10Y.T0011\source\F10Y.T0011\F10Y.T0011.csproj", "{52B61A70-00C6-4060-A980-D1926F915DDA}"
EndProject
Project("{9A19103F-16F7-4668-BE54-9A1E7A4F7556}") = "F10Y.T0004", "..\..\F10Y.T0004\source\F10Y.T0004\F10Y.T0004.csproj", "{14746E37-F7E6-452D-86F1-C501292809A5}"
EndProject
Global
	GlobalSection(NestedProjects) = preSolution
		{1E110AED-F7FA-4FB7-AE9D-F13A2C231069} = {173FBDAF-ADBA-4924-BB4C-4C3B33E2505B}
		{B7261426-182F-44A0-ABBD-79DC17DA0BB2} = {173FBDAF-ADBA-4924-BB4C-4C3B33E2505B}
		{9B4A4BC8-BD3F-49D1-840C-5D55D427F0E8} = {173FBDAF-ADBA-4924-BB4C-4C3B33E2505B}
		{D245BFFD-1A28-4058-ACEA-CEE1DC98C832} = {173FBDAF-ADBA-4924-BB4C-4C3B33E2505B}
		{46A8A9FF-7ABC-491E-938F-2163A0E8B3E8} = {173FBDAF-ADBA-4924-BB4C-4C3B33E2505B}
		{BB43D458-54B6-459D-85FE-197392C1CF25} = {173FBDAF-ADBA-4924-BB4C-4C3B33E2505B}
		{52B61A70-00C6-4060-A980-D1926F915DDA} = {173FBDAF-ADBA-4924-BB4C-4C3B33E2505B}
		{14746E37-F7E6-452D-86F1-C501292809A5} = {173FBDAF-ADBA-4924-BB4C-4C3B33E2505B}
	EndGlobalSection
	GlobalSection(SolutionConfigurationPlatforms) = preSolution
		Debug|Any CPU = Debug|Any CPU
		Release|Any CPU = Release|Any CPU
	EndGlobalSection
	GlobalSection(ProjectConfigurationPlatforms) = postSolution
		{E1C31074-9354-4DCA-A277-4AB115A539DC}.Debug|Any CPU.ActiveCfg = Debug|Any CPU
		{E1C31074-9354-4DCA-A277-4AB115A539DC}.Debug|Any CPU.Build.0 = Debug|Any CPU
		{E1C31074-9354-4DCA-A277-4AB115A539DC}.Release|Any CPU.ActiveCfg = Release|Any CPU
		{E1C31074-9354-4DCA-A277-4AB115A539DC}.Release|Any CPU.Build.0 = Release|Any CPU
		{1E110AED-F7FA-4FB7-AE9D-F13A2C231069}.Debug|Any CPU.ActiveCfg = Debug|Any CPU
		{1E110AED-F7FA-4FB7-AE9D-F13A2C231069}.Debug|Any CPU.Build.0 = Debug|Any CPU
		{1E110AED-F7FA-4FB7-AE9D-F13A2C231069}.Release|Any CPU.ActiveCfg = Release|Any CPU
		{1E110AED-F7FA-4FB7-AE9D-F13A2C231069}.Release|Any CPU.Build.0 = Release|Any CPU
		{B7261426-182F-44A0-ABBD-79DC17DA0BB2}.Debug|Any CPU.ActiveCfg = Debug|Any CPU
		{B7261426-182F-44A0-ABBD-79DC17DA0BB2}.Debug|Any CPU.Build.0 = Debug|Any CPU
		{B7261426-182F-44A0-ABBD-79DC17DA0BB2}.Release|Any CPU.ActiveCfg = Release|Any CPU
		{B7261426-182F-44A0-ABBD-79DC17DA0BB2}.Release|Any CPU.Build.0 = Release|Any CPU
		{9B4A4BC8-BD3F-49D1-840C-5D55D427F0E8}.Debug|Any CPU.ActiveCfg = Debug|Any CPU
		{9B4A4BC8-BD3F-49D1-840C-5D55D427F0E8}.Debug|Any CPU.Build.0 = Debug|Any CPU
		{9B4A4BC8-BD3F-49D1-840C-5D55D427F0E8}.Release|Any CPU.ActiveCfg = Release|Any CPU
		{9B4A4BC8-BD3F-49D1-840C-5D55D427F0E8}.Release|Any CPU.Build.0 = Release|Any CPU
		{D245BFFD-1A28-4058-ACEA-CEE1DC98C832}.Debug|Any CPU.ActiveCfg = Debug|Any CPU
		{D245BFFD-1A28-4058-ACEA-CEE1DC98C832}.Debug|Any CPU.Build.0 = Debug|Any CPU
		{D245BFFD-1A28-4058-ACEA-CEE1DC98C832}.Release|Any CPU.ActiveCfg = Release|Any CPU
		{D245BFFD-1A28-4058-ACEA-CEE1DC98C832}.Release|Any CPU.Build.0 = Release|Any CPU
		{46A8A9FF-7ABC-491E-938F-2163A0E8B3E8}.Debug|Any CPU.ActiveCfg = Debug|Any CPU
		{46A8A9FF-7ABC-491E-938F-2163A0E8B3E8}.Debug|Any CPU.Build.0 = Debug|Any CPU
		{46A8A9FF-7ABC-491E-938F-2163A0E8B3E8}.Release|Any CPU.ActiveCfg = Release|Any CPU
		{46A8A9FF-7ABC-491E-938F-2163A0E8B3E8}.Release|Any CPU.Build.0 = Release|Any CPU
		{BB43D458-54B6-459D-85FE-197392C1CF25}.Debug|Any CPU.ActiveCfg = Debug|Any CPU
		{BB43D458-54B6-459D-85FE-197392C1CF25}.Debug|Any CPU.Build.0 = Debug|Any CPU
		{BB43D458-54B6-459D-85FE-197392C1CF25}.Release|Any CPU.ActiveCfg = Release|Any CPU
		{BB43D458-54B6-459D-85FE-197392C1CF25}.Release|Any CPU.Build.0 = Release|Any CPU
		{52B61A70-00C6-4060-A980-D1926F915DDA}.Debug|Any CPU.ActiveCfg = Debug|Any CPU
		{52B61A70-00C6-4060-A980-D1926F915DDA}.Debug|Any CPU.Build.0 = Debug|Any CPU
		{52B61A70-00C6-4060-A980-D1926F915DDA}.Release|Any CPU.ActiveCfg = Release|Any CPU
		{52B61A70-00C6-4060-A980-D1926F915DDA}.Release|Any CPU.Build.0 = Release|Any CPU
		{14746E37-F7E6-452D-86F1-C501292809A5}.Debug|Any CPU.ActiveCfg = Debug|Any CPU
		{14746E37-F7E6-452D-86F1-C501292809A5}.Debug|Any CPU.Build.0 = Debug|Any CPU
		{14746E37-F7E6-452D-86F1-C501292809A5}.Release|Any CPU.ActiveCfg = Release|Any CPU
		{14746E37-F7E6-452D-86F1-C501292809A5}.Release|Any CPU.Build.0 = Release|Any CPU
	EndGlobalSection
	GlobalSection(SolutionProperties) = preSolution
		HideSolutionNode = FALSE
	EndGlobalSection
	GlobalSection(ExtensibilityGlobals) = postSolution
		SolutionGuid = {BEDC8B64-94CA-450A-B046-C89F42EEC0E6}
	EndGlobalSection
EndGlobal
